
Microsoft Visual Studio Solution File, Format Version 12.00
# Visual Studio Version 16
VisualStudioVersion = 25.0.1706.12
MinimumVisualStudioVersion = 10.0.40219.1
Project("{FAE04EC0-301F-11D3-BF4B-00C04F79EFBC}") = "ProductService", "ProductService\ProductService.csproj", "{6A90B6D2-3CBB-482C-B8AD-9073C32F36E2}"
EndProject
Project("{FAE04EC0-301F-11D3-BF4B-00C04F79EFBC}") = "OrderService", "OrderService\OrderService.csproj", "{F6EB0698-720F-45E2-A9DA-71F139B4AC80}"
EndProject
Global
	GlobalSection(SolutionConfigurationPlatforms) = preSolution
		Debug|Any CPU = Debug|Any CPU
		Release|Any CPU = Release|Any CPU
	EndGlobalSection
	GlobalSection(ProjectConfigurationPlatforms) = postSolution
		{6A90B6D2-3CBB-482C-B8AD-9073C32F36E2}.Debug|Any CPU.ActiveCfg = Debug|Any CPU
		{6A90B6D2-3CBB-482C-B8AD-9073C32F36E2}.Debug|Any CPU.Build.0 = Debug|Any CPU
		{6A90B6D2-3CBB-482C-B8AD-9073C32F36E2}.Release|Any CPU.ActiveCfg = Release|Any CPU
		{6A90B6D2-3CBB-482C-B8AD-9073C32F36E2}.Release|Any CPU.Build.0 = Release|Any CPU
		{F6EB0698-720F-45E2-A9DA-71F139B4AC80}.Debug|Any CPU.ActiveCfg = Debug|Any CPU
		{F6EB0698-720F-45E2-A9DA-71F139B4AC80}.Debug|Any CPU.Build.0 = Debug|Any CPU
		{F6EB0698-720F-45E2-A9DA-71F139B4AC80}.Release|Any CPU.ActiveCfg = Release|Any CPU
		{F6EB0698-720F-45E2-A9DA-71F139B4AC80}.Release|Any CPU.Build.0 = Release|Any CPU
	EndGlobalSection
	GlobalSection(SolutionProperties) = preSolution
		HideSolutionNode = FALSE
	EndGlobalSection
	GlobalSection(ExtensibilityGlobals) = postSolution
		SolutionGuid = {B934B606-DE99-4FF3-9252-33E0E8C85A97}
	EndGlobalSection
EndGlobal
